
Microsoft Visual Studio Solution File, Format Version 12.00
# Visual Studio Version 17
VisualStudioVersion = 17.0.31912.275
MinimumVisualStudioVersion = 15.0.26124.0
Project("{9A19103F-16F7-4668-BE54-9A1E7A4F7556}") = "Amg.Build", "Amg.Build\Amg.Build.csproj", "{99EF0AE6-F66D-4CF5-A27F-7DDC6D5385F6}"
EndProject
Project("{9A19103F-16F7-4668-BE54-9A1E7A4F7556}") = "Amg.Build.Tests", "Amg.Build.Tests\Amg.Build.Tests.csproj", "{F9808561-BC8D-4111-BA10-0DC58784DECC}"
EndProject
Project("{9A19103F-16F7-4668-BE54-9A1E7A4F7556}") = "hello", "hello\hello.csproj", "{6E633D21-3FCC-40BB-A4A4-DC980A81B9E0}"
EndProject
Project("{9A19103F-16F7-4668-BE54-9A1E7A4F7556}") = "amgbuild", "amgbuild\amgbuild.csproj", "{00AA1F89-EC43-4B25-AB3F-23392F4B1027}"
EndProject
Project("{9A19103F-16F7-4668-BE54-9A1E7A4F7556}") = "Amg.Build.Cake", "Amg.Build.Cake\Amg.Build.Cake.csproj", "{22B719B7-1A7B-4CB7-AD21-B04B5DCA55A9}"
EndProject
Project("{2150E333-8FDC-42A3-9474-1A3956D46DE8}") = "Solution Items", "Solution Items", "{E7E78D8A-807E-49C5-B4D7-04FEA61D7EA0}"
	ProjectSection(SolutionItems) = preProject
		.editorconfig = .editorconfig
		..\Changes.md = ..\Changes.md
		..\Readme.md = ..\Readme.md
		..\Todo.md = ..\Todo.md
	EndProjectSection
EndProject
Global
	GlobalSection(SolutionConfigurationPlatforms) = preSolution
		Debug|Any CPU = Debug|Any CPU
		Debug|x64 = Debug|x64
		Debug|x86 = Debug|x86
		Release|Any CPU = Release|Any CPU
		Release|x64 = Release|x64
		Release|x86 = Release|x86
	EndGlobalSection
	GlobalSection(ProjectConfigurationPlatforms) = postSolution
		{99EF0AE6-F66D-4CF5-A27F-7DDC6D5385F6}.Debug|Any CPU.ActiveCfg = Debug|Any CPU
		{99EF0AE6-F66D-4CF5-A27F-7DDC6D5385F6}.Debug|Any CPU.Build.0 = Debug|Any CPU
		{99EF0AE6-F66D-4CF5-A27F-7DDC6D5385F6}.Debug|x64.ActiveCfg = Debug|Any CPU
		{99EF0AE6-F66D-4CF5-A27F-7DDC6D5385F6}.Debug|x64.Build.0 = Debug|Any CPU
		{99EF0AE6-F66D-4CF5-A27F-7DDC6D5385F6}.Debug|x86.ActiveCfg = Debug|Any CPU
		{99EF0AE6-F66D-4CF5-A27F-7DDC6D5385F6}.Debug|x86.Build.0 = Debug|Any CPU
		{99EF0AE6-F66D-4CF5-A27F-7DDC6D5385F6}.Release|Any CPU.ActiveCfg = Release|Any CPU
		{99EF0AE6-F66D-4CF5-A27F-7DDC6D5385F6}.Release|Any CPU.Build.0 = Release|Any CPU
		{99EF0AE6-F66D-4CF5-A27F-7DDC6D5385F6}.Release|x64.ActiveCfg = Release|Any CPU
		{99EF0AE6-F66D-4CF5-A27F-7DDC6D5385F6}.Release|x64.Build.0 = Release|Any CPU
		{99EF0AE6-F66D-4CF5-A27F-7DDC6D5385F6}.Release|x86.ActiveCfg = Release|Any CPU
		{99EF0AE6-F66D-4CF5-A27F-7DDC6D5385F6}.Release|x86.Build.0 = Release|Any CPU
		{F9808561-BC8D-4111-BA10-0DC58784DECC}.Debug|Any CPU.ActiveCfg = Debug|Any CPU
		{F9808561-BC8D-4111-BA10-0DC58784DECC}.Debug|Any CPU.Build.0 = Debug|Any CPU
		{F9808561-BC8D-4111-BA10-0DC58784DECC}.Debug|x64.ActiveCfg = Debug|Any CPU
		{F9808561-BC8D-4111-BA10-0DC58784DECC}.Debug|x64.Build.0 = Debug|Any CPU
		{F9808561-BC8D-4111-BA10-0DC58784DECC}.Debug|x86.ActiveCfg = Debug|Any CPU
		{F9808561-BC8D-4111-BA10-0DC58784DECC}.Debug|x86.Build.0 = Debug|Any CPU
		{F9808561-BC8D-4111-BA10-0DC58784DECC}.Release|Any CPU.ActiveCfg = Release|Any CPU
		{F9808561-BC8D-4111-BA10-0DC58784DECC}.Release|Any CPU.Build.0 = Release|Any CPU
		{F9808561-BC8D-4111-BA10-0DC58784DECC}.Release|x64.ActiveCfg = Release|Any CPU
		{F9808561-BC8D-4111-BA10-0DC58784DECC}.Release|x64.Build.0 = Release|Any CPU
		{F9808561-BC8D-4111-BA10-0DC58784DECC}.Release|x86.ActiveCfg = Release|Any CPU
		{F9808561-BC8D-4111-BA10-0DC58784DECC}.Release|x86.Build.0 = Release|Any CPU
		{6E633D21-3FCC-40BB-A4A4-DC980A81B9E0}.Debug|Any CPU.ActiveCfg = Debug|Any CPU
		{6E633D21-3FCC-40BB-A4A4-DC980A81B9E0}.Debug|Any CPU.Build.0 = Debug|Any CPU
		{6E633D21-3FCC-40BB-A4A4-DC980A81B9E0}.Debug|x64.ActiveCfg = Debug|Any CPU
		{6E633D21-3FCC-40BB-A4A4-DC980A81B9E0}.Debug|x64.Build.0 = Debug|Any CPU
		{6E633D21-3FCC-40BB-A4A4-DC980A81B9E0}.Debug|x86.ActiveCfg = Debug|Any CPU
		{6E633D21-3FCC-40BB-A4A4-DC980A81B9E0}.Debug|x86.Build.0 = Debug|Any CPU
		{6E633D21-3FCC-40BB-A4A4-DC980A81B9E0}.Release|Any CPU.ActiveCfg = Release|Any CPU
		{6E633D21-3FCC-40BB-A4A4-DC980A81B9E0}.Release|Any CPU.Build.0 = Release|Any CPU
		{6E633D21-3FCC-40BB-A4A4-DC980A81B9E0}.Release|x64.ActiveCfg = Release|Any CPU
		{6E633D21-3FCC-40BB-A4A4-DC980A81B9E0}.Release|x64.Build.0 = Release|Any CPU
		{6E633D21-3FCC-40BB-A4A4-DC980A81B9E0}.Release|x86.ActiveCfg = Release|Any CPU
		{6E633D21-3FCC-40BB-A4A4-DC980A81B9E0}.Release|x86.Build.0 = Release|Any CPU
		{00AA1F89-EC43-4B25-AB3F-23392F4B1027}.Debug|Any CPU.ActiveCfg = Debug|Any CPU
		{00AA1F89-EC43-4B25-AB3F-23392F4B1027}.Debug|Any CPU.Build.0 = Debug|Any CPU
		{00AA1F89-EC43-4B25-AB3F-23392F4B1027}.Debug|x64.ActiveCfg = Debug|Any CPU
		{00AA1F89-EC43-4B25-AB3F-23392F4B1027}.Debug|x64.Build.0 = Debug|Any CPU
		{00AA1F89-EC43-4B25-AB3F-23392F4B1027}.Debug|x86.ActiveCfg = Debug|Any CPU
		{00AA1F89-EC43-4B25-AB3F-23392F4B1027}.Debug|x86.Build.0 = Debug|Any CPU
		{00AA1F89-EC43-4B25-AB3F-23392F4B1027}.Release|Any CPU.ActiveCfg = Release|Any CPU
		{00AA1F89-EC43-4B25-AB3F-23392F4B1027}.Release|Any CPU.Build.0 = Release|Any CPU
		{00AA1F89-EC43-4B25-AB3F-23392F4B1027}.Release|x64.ActiveCfg = Release|Any CPU
		{00AA1F89-EC43-4B25-AB3F-23392F4B1027}.Release|x64.Build.0 = Release|Any CPU
		{00AA1F89-EC43-4B25-AB3F-23392F4B1027}.Release|x86.ActiveCfg = Release|Any CPU
		{00AA1F89-EC43-4B25-AB3F-23392F4B1027}.Release|x86.Build.0 = Release|Any CPU
		{22B719B7-1A7B-4CB7-AD21-B04B5DCA55A9}.Debug|Any CPU.ActiveCfg = Debug|Any CPU
		{22B719B7-1A7B-4CB7-AD21-B04B5DCA55A9}.Debug|Any CPU.Build.0 = Debug|Any CPU
		{22B719B7-1A7B-4CB7-AD21-B04B5DCA55A9}.Debug|x64.ActiveCfg = Debug|Any CPU
		{22B719B7-1A7B-4CB7-AD21-B04B5DCA55A9}.Debug|x64.Build.0 = Debug|Any CPU
		{22B719B7-1A7B-4CB7-AD21-B04B5DCA55A9}.Debug|x86.ActiveCfg = Debug|Any CPU
		{22B719B7-1A7B-4CB7-AD21-B04B5DCA55A9}.Debug|x86.Build.0 = Debug|Any CPU
		{22B719B7-1A7B-4CB7-AD21-B04B5DCA55A9}.Release|Any CPU.ActiveCfg = Release|Any CPU
		{22B719B7-1A7B-4CB7-AD21-B04B5DCA55A9}.Release|Any CPU.Build.0 = Release|Any CPU
		{22B719B7-1A7B-4CB7-AD21-B04B5DCA55A9}.Release|x64.ActiveCfg = Release|Any CPU
		{22B719B7-1A7B-4CB7-AD21-B04B5DCA55A9}.Release|x64.Build.0 = Release|Any CPU
		{22B719B7-1A7B-4CB7-AD21-B04B5DCA55A9}.Release|x86.ActiveCfg = Release|Any CPU
		{22B719B7-1A7B-4CB7-AD21-B04B5DCA55A9}.Release|x86.Build.0 = Release|Any CPU
	EndGlobalSection
	GlobalSection(SolutionProperties) = preSolution
		HideSolutionNode = FALSE
	EndGlobalSection
	GlobalSection(ExtensibilityGlobals) = postSolution
		SolutionGuid = {9DA136A4-7116-44FF-8D74-EA315A3D531A}
	EndGlobalSection
EndGlobal
